
Microsoft Visual Studio Solution File, Format Version 12.00
# Visual Studio 2012
# SharpDevelop 5.1
VisualStudioVersion = 12.0.20827.3
MinimumVisualStudioVersion = 10.0.40219.1
Project("{FAE04EC0-301F-11D3-BF4B-00C04F79EFBC}") = "openbrowsernavigate", "openbrowsernavigate.csproj", "{981C232F-99C0-41F3-8F38-BAFCAD03E719}"
EndProject
Global
	GlobalSection(SolutionConfigurationPlatforms) = preSolution
		Debug|Any CPU = Debug|Any CPU
		Release|Any CPU = Release|Any CPU
	EndGlobalSection
	GlobalSection(ProjectConfigurationPlatforms) = postSolution
		{981C232F-99C0-41F3-8F38-BAFCAD03E719}.Debug|Any CPU.ActiveCfg = Debug|Any CPU
		{981C232F-99C0-41F3-8F38-BAFCAD03E719}.Debug|Any CPU.Build.0 = Debug|Any CPU
		{981C232F-99C0-41F3-8F38-BAFCAD03E719}.Release|Any CPU.ActiveCfg = Release|Any CPU
		{981C232F-99C0-41F3-8F38-BAFCAD03E719}.Release|Any CPU.Build.0 = Release|Any CPU
	EndGlobalSection
EndGlobal
